packages:
- package: dbt-labs/audit_helper
  name: audit_helper
  version: 0.14.0
- package: dbt-labs/codegen
  name: codegen
  version: 0.14.1
- package: brooklyn-data/dbt_artifacts
  name: dbt_artifacts
  version: 2.11.1
- package: godatadriven/dbt_date
  name: dbt_date
  version: 0.21.0
- package: metaplane/dbt_expectations
  name: dbt_expectations
  version: 0.10.10
- package: dbt-labs/dbt_project_evaluator
  name: dbt_project_evaluator
  version: 1.4.0
- package: dbt-labs/dbt_utils
  name: dbt_utils
  version: 1.4.1
sha1_hash: 88d430d0852fe51ce0bd7c221b05bc60a35368dd
